{
  "version": 4,
  "terraform_version": "1.14.0",
  "serial": 5,
  "lineage": "1b6f8a5d-ddc6-357c-d4ee-b05b87b18105",
  "outputs": {
    "magento_public_ip": {
      "value": "3.86.29.253",
      "type": "string"
    }
  },
  "resources": [
    {
      "mode": "managed",
      "type": "aws_instance",
      "name": "magento",
      "provider": "provider[\"registry.terraform.io/hashicorp/aws\"]",
      "instances": [
        {
          "schema_version": 2,
          "attributes": {
            "ami": "ami-0fc5d935ebf8bc3bc",
            "arn": "arn:aws:ec2:us-east-1:285679047437:instance/i-083db932717d10eb1",
            "associate_public_ip_address": true,
            "availability_zone": "us-east-1b",
            "capacity_reservation_specification": [
              {
                "capacity_reservation_preference": "open",
                "capacity_reservation_target": []
              }
            ],
            "cpu_options": [
              {
                "amd_sev_snp": "",
                "core_count": 1,
                "threads_per_core": 2
              }
            ],
            "credit_specification": [
              {
                "cpu_credits": "unlimited"
              }
            ],
            "disable_api_stop": false,
            "disable_api_termination": false,
            "ebs_block_device": [],
            "ebs_optimized": false,
            "enable_primary_ipv6": null,
            "enclave_options": [
              {
                "enabled": false
              }
            ],
            "ephemeral_block_device": [],
            "force_destroy": false,
            "get_password_data": false,
            "hibernation": false,
            "host_id": "",
            "host_resource_group_arn": null,
            "iam_instance_profile": "",
            "id": "i-083db932717d10eb1",
            "instance_initiated_shutdown_behavior": "stop",
            "instance_lifecycle": "",
            "instance_market_options": [],
            "instance_state": "running",
            "instance_type": "t3.large",
            "ipv6_address_count": 0,
            "ipv6_addresses": [],
            "key_name": "magento-key",
            "launch_template": [],
            "maintenance_options": [
              {
                "auto_recovery": "default"
              }
            ],
            "metadata_options": [
              {
                "http_endpoint": "enabled",
                "http_protocol_ipv6": "disabled",
                "http_put_response_hop_limit": 1,
                "http_tokens": "optional",
                "instance_metadata_tags": "disabled"
              }
            ],
            "monitoring": false,
            "network_interface": [],
            "outpost_arn": "",
            "password_data": "",
            "placement_group": "",
            "placement_group_id": "",
            "placement_partition_number": 0,
            "primary_network_interface": [
              {
                "delete_on_termination": true,
                "network_interface_id": "eni-046c8094e59d7cef2"
              }
            ],
            "primary_network_interface_id": "eni-046c8094e59d7cef2",
            "private_dns": "ip-172-31-94-1.ec2.internal",
            "private_dns_name_options": [
              {
                "enable_resource_name_dns_a_record": false,
                "enable_resource_name_dns_aaaa_record": false,
                "hostname_type": "ip-name"
              }
            ],
            "private_ip": "172.31.94.1",
            "public_dns": "ec2-3-86-29-253.compute-1.amazonaws.com",
            "public_ip": "3.86.29.253",
            "region": "us-east-1",
            "root_block_device": [
              {
                "delete_on_termination": true,
                "device_name": "/dev/sda1",
                "encrypted": false,
                "iops": 100,
                "kms_key_id": "",
                "tags": {},
                "tags_all": {},
                "throughput": 0,
                "volume_id": "vol-0567d35d0e92e3fd7",
                "volume_size": 8,
                "volume_type": "gp2"
              }
            ],
            "secondary_private_ips": [],
            "security_groups": [
              "magento-sg"
            ],
            "source_dest_check": true,
            "spot_instance_request_id": "",
            "subnet_id": "subnet-06255645a5aa3bb1f",
            "tags": {
              "Name": "magento-server"
            },
            "tags_all": {
              "Name": "magento-server"
            },
            "tenancy": "default",
            "timeouts": null,
            "user_data": "    #!/bin/bash\r\n\r\n    echo \"=== Installing Docker ===\"\r\n    yum update -y\r\n    amazon-linux-extras install docker -y\r\n    service docker start\r\n    usermod -aG docker ec2-user\r\n\r\n    echo \"=== Login to ECR ===\"\r\n    aws ecr get-login-password --region us-east-1 \\\r\n      | docker login --username AWS --password-stdin 285679047437.dkr.ecr.us-east-1.amazonaws.com\r\n\r\n    echo \"=== Pull Magento Image ===\"\r\n    docker pull 285679047437.dkr.ecr.us-east-1.amazonaws.com/magento-app:latest\r\n\r\n    echo \"=== Creating Magento Directory ===\"\r\n    mkdir -p /magento\r\n\r\n    echo \"=== Writing docker-compose ===\"\r\n    cat \u003e /magento/docker-compose.yml \u003c\u003cCOMPOSE\r\nversion: \"3.8\"\r\n\r\nservices:\r\n  magento:\r\n    image: 285679047437.dkr.ecr.us-east-1.amazonaws.com/magento-app:latest\r\n    container_name: magento-app\r\n    ports:\r\n      - \"80:80\"\r\n    restart: always\r\n    volumes:\r\n      - magento_data:/var/www/html\r\n\r\nvolumes:\r\n  magento_data:\r\nCOMPOSE\r\n\r\n    echo \"=== Starting Magento Container ===\"\r\n    cd /magento\r\n    docker-compose up -d\r\n\r\n    echo \"=== Magento is Ready ===\"\r\n",
            "user_data_base64": null,
            "user_data_replace_on_change": false,
            "volume_tags": null,
            "vpc_security_group_ids": [
              "sg-0797f2049f3fd8445"
            ]
          },
          "sensitive_attributes": [],
          "identity_schema_version": 0,
          "identity": {
            "account_id": "285679047437",
            "id": "i-083db932717d10eb1",
            "region": "us-east-1"
          },
          "private": "eyJlMmJmYjczMC1lY2FhLTExZTYtOGY4OC0zNDM2M2JjN2M0YzAiOnsiY3JlYXRlIjo2MDAwMDAwMDAwMDAsImRlbGV0ZSI6MTIwMDAwMDAwMDAwMCwicmVhZCI6OTAwMDAwMDAwMDAwLCJ1cGRhdGUiOjYwMDAwMDAwMDAwMH0sInNjaGVtYV92ZXJzaW9uIjoiMiJ9",
          "dependencies": [
            "aws_security_group.magento_sg"
          ]
        }
      ]
    },
    {
      "mode": "managed",
      "type": "aws_security_group",
      "name": "magento_sg",
      "provider": "provider[\"registry.terraform.io/hashicorp/aws\"]",
      "instances": [
        {
          "schema_version": 1,
          "attributes": {
            "arn": "arn:aws:ec2:us-east-1:285679047437:security-group/sg-0797f2049f3fd8445",
            "description": "Allow HTTP and SSH",
            "egress": [
              {
                "cidr_blocks": [
                  "0.0.0.0/0"
                ],
                "description": "",
                "from_port": 0,
                "ipv6_cidr_blocks": [],
                "prefix_list_ids": [],
                "protocol": "-1",
                "security_groups": [],
                "self": false,
                "to_port": 0
              }
            ],
            "id": "sg-0797f2049f3fd8445",
            "ingress": [
              {
                "cidr_blocks": [
                  "0.0.0.0/0"
                ],
                "description": "HTTP",
                "from_port": 80,
                "ipv6_cidr_blocks": [],
                "prefix_list_ids": [],
                "protocol": "tcp",
                "security_groups": [],
                "self": false,
                "to_port": 80
              },
              {
                "cidr_blocks": [
                  "0.0.0.0/0"
                ],
                "description": "SSH",
                "from_port": 22,
                "ipv6_cidr_blocks": [],
                "prefix_list_ids": [],
                "protocol": "tcp",
                "security_groups": [],
                "self": false,
                "to_port": 22
              }
            ],
            "name": "magento-sg",
            "name_prefix": "",
            "owner_id": "285679047437",
            "region": "us-east-1",
            "revoke_rules_on_delete": false,
            "tags": {},
            "tags_all": {},
            "timeouts": null,
            "vpc_id": "vpc-0225ee57833407383"
          },
          "sensitive_attributes": [],
          "identity_schema_version": 0,
          "identity": {
            "account_id": "285679047437",
            "id": "sg-0797f2049f3fd8445",
            "region": "us-east-1"
          },
          "private": "eyJlMmJmYjczMC1lY2FhLTExZTYtOGY4OC0zNDM2M2JjN2M0YzAiOnsiY3JlYXRlIjo2MDAwMDAwMDAwMDAsImRlbGV0ZSI6OTAwMDAwMDAwMDAwfSwic2NoZW1hX3ZlcnNpb24iOiIxIn0="
        }
      ]
    }
  ],
  "check_results": null
}
